<Solution>
  <Folder Name="/SolutionItems/">
    <File Path=".editorconfig" />
    <File Path="Directory.Build.props" />
    <File Path="Directory.Packages.props" />
  </Folder>
  <Project Path="AppTOTest.IntegrationsTests/AppTOTest.IntegrationsTests.csproj" />
  <Project Path="AppToTest/AppToTest.csproj" />
</Solution>
